{
  "version": 4,
  "terraform_version": "1.3.7",
  "serial": 140,
  "lineage": "2eea3a9c-2852-df94-0fce-8d31ae5c860c",
  "outputs": {},
  "resources": [
    {
      "mode": "managed",
      "type": "azurerm_resource_group",
      "name": "testing_tf",
      "provider": "provider[\"registry.terraform.io/hashicorp/azurerm\"]",
      "instances": [
        {
          "schema_version": 0,
          "attributes": {
            "id": "/subscriptions/38a8bd4d-ba09-4e21-8dc2-6bfb7f099a30/resourceGroups/testing_terraform",
            "location": "westeurope",
            "name": "testing_terraform",
            "tags": {
              "environment": "dev"
            },
            "timeouts": null
          },
          "sensitive_attributes": [],
          "private": "eyJlMmJmYjczMC1lY2FhLTExZTYtOGY4OC0zNDM2M2JjN2M0YzAiOnsiY3JlYXRlIjo1NDAwMDAwMDAwMDAwLCJkZWxldGUiOjU0MDAwMDAwMDAwMDAsInJlYWQiOjMwMDAwMDAwMDAwMCwidXBkYXRlIjo1NDAwMDAwMDAwMDAwfX0="
        }
      ]
    },
    {
      "module": "module.network",
      "mode": "managed",
      "type": "azurerm_subnet",
      "name": "subnet_tf",
      "provider": "provider[\"registry.terraform.io/hashicorp/azurerm\"]",
      "instances": [
        {
          "schema_version": 0,
          "attributes": {
            "address_prefixes": [
              "10.123.1.0/24"
            ],
            "delegation": [],
            "enforce_private_link_endpoint_network_policies": false,
            "enforce_private_link_service_network_policies": false,
            "id": "/subscriptions/38a8bd4d-ba09-4e21-8dc2-6bfb7f099a30/resourceGroups/testing_terraform/providers/Microsoft.Network/virtualNetworks/tf_VNetwork/subnets/subnet-tf-test",
            "name": "subnet-tf-test",
            "resource_group_name": "testing_terraform",
            "service_endpoint_policy_ids": [],
            "service_endpoints": [],
            "timeouts": null,
            "virtual_network_name": "tf_VNetwork"
          },
          "sensitive_attributes": [],
          "private": "eyJlMmJmYjczMC1lY2FhLTExZTYtOGY4OC0zNDM2M2JjN2M0YzAiOnsiY3JlYXRlIjoxODAwMDAwMDAwMDAwLCJkZWxldGUiOjE4MDAwMDAwMDAwMDAsInJlYWQiOjMwMDAwMDAwMDAwMCwidXBkYXRlIjoxODAwMDAwMDAwMDAwfX0=",
          "dependencies": [
            "azurerm_resource_group.testing_tf",
            "module.network.azurerm_virtual_network.Vnetwork_tf"
          ]
        }
      ]
    },
    {
      "module": "module.network",
      "mode": "managed",
      "type": "azurerm_virtual_network",
      "name": "Vnetwork_tf",
      "provider": "provider[\"registry.terraform.io/hashicorp/azurerm\"]",
      "instances": [
        {
          "schema_version": 0,
          "attributes": {
            "address_space": [
              "10.123.0.0/16"
            ],
            "bgp_community": "",
            "ddos_protection_plan": [],
            "dns_servers": [],
            "edge_zone": "",
            "flow_timeout_in_minutes": 0,
            "guid": "853edfac-4252-4257-a9f6-6a2d32c382a9",
            "id": "/subscriptions/38a8bd4d-ba09-4e21-8dc2-6bfb7f099a30/resourceGroups/testing_terraform/providers/Microsoft.Network/virtualNetworks/tf_VNetwork",
            "location": "westeurope",
            "name": "tf_VNetwork",
            "resource_group_name": "testing_terraform",
            "subnet": [
              {
                "address_prefix": "10.123.1.0/24",
                "id": "/subscriptions/38a8bd4d-ba09-4e21-8dc2-6bfb7f099a30/resourceGroups/testing_terraform/providers/Microsoft.Network/virtualNetworks/tf_VNetwork/subnets/subnet-tf-test",
                "name": "subnet-tf-test",
                "security_group": "/subscriptions/38a8bd4d-ba09-4e21-8dc2-6bfb7f099a30/resourceGroups/testing_terraform/providers/Microsoft.Network/networkSecurityGroups/SecurityGroup_tf"
              }
            ],
            "tags": {
              "environment": "dev"
            },
            "timeouts": null
          },
          "sensitive_attributes": [],
          "private": "eyJlMmJmYjczMC1lY2FhLTExZTYtOGY4OC0zNDM2M2JjN2M0YzAiOnsiY3JlYXRlIjoxODAwMDAwMDAwMDAwLCJkZWxldGUiOjE4MDAwMDAwMDAwMDAsInJlYWQiOjMwMDAwMDAwMDAwMCwidXBkYXRlIjoxODAwMDAwMDAwMDAwfX0=",
          "dependencies": [
            "azurerm_resource_group.testing_tf"
          ]
        }
      ]
    },
    {
      "module": "module.networkCon",
      "mode": "managed",
      "type": "azurerm_network_interface",
      "name": "nic_tf",
      "provider": "provider[\"registry.terraform.io/hashicorp/azurerm\"]",
      "instances": [
        {
          "schema_version": 0,
          "attributes": {
            "applied_dns_servers": [],
            "dns_servers": [],
            "edge_zone": "",
            "enable_accelerated_networking": false,
            "enable_ip_forwarding": false,
            "id": "/subscriptions/38a8bd4d-ba09-4e21-8dc2-6bfb7f099a30/resourceGroups/testing_terraform/providers/Microsoft.Network/networkInterfaces/network_inteface_tf",
            "internal_dns_name_label": "",
            "internal_domain_name_suffix": "vtpt3bksijlufkpwniwtfq2cvb.ax.internal.cloudapp.net",
            "ip_configuration": [
              {
                "gateway_load_balancer_frontend_ip_configuration_id": "",
                "name": "internal",
                "primary": true,
                "private_ip_address": "10.123.1.4",
                "private_ip_address_allocation": "Dynamic",
                "private_ip_address_version": "IPv4",
                "public_ip_address_id": "/subscriptions/38a8bd4d-ba09-4e21-8dc2-6bfb7f099a30/resourceGroups/testing_terraform/providers/Microsoft.Network/publicIPAddresses/PublicIp_tf",
                "subnet_id": "/subscriptions/38a8bd4d-ba09-4e21-8dc2-6bfb7f099a30/resourceGroups/testing_terraform/providers/Microsoft.Network/virtualNetworks/tf_VNetwork/subnets/subnet-tf-test"
              }
            ],
            "location": "westeurope",
            "mac_address": "60-45-BD-F4-24-FE",
            "name": "network_inteface_tf",
            "private_ip_address": "10.123.1.4",
            "private_ip_addresses": [
              "10.123.1.4"
            ],
            "resource_group_name": "testing_terraform",
            "tags": {
              "environment": "dev"
            },
            "timeouts": null,
            "virtual_machine_id": "/subscriptions/38a8bd4d-ba09-4e21-8dc2-6bfb7f099a30/resourceGroups/testing_terraform/providers/Microsoft.Compute/virtualMachines/Vmachine-tf"
          },
          "sensitive_attributes": [],
          "private": "eyJlMmJmYjczMC1lY2FhLTExZTYtOGY4OC0zNDM2M2JjN2M0YzAiOnsiY3JlYXRlIjoxODAwMDAwMDAwMDAwLCJkZWxldGUiOjE4MDAwMDAwMDAwMDAsInJlYWQiOjMwMDAwMDAwMDAwMCwidXBkYXRlIjoxODAwMDAwMDAwMDAwfX0=",
          "dependencies": [
            "azurerm_resource_group.testing_tf",
            "module.network.azurerm_subnet.subnet_tf",
            "module.network.azurerm_virtual_network.Vnetwork_tf",
            "module.networkCon.azurerm_public_ip.public_ip_tf"
          ]
        }
      ]
    },
    {
      "module": "module.networkCon",
      "mode": "managed",
      "type": "azurerm_public_ip",
      "name": "public_ip_tf",
      "provider": "provider[\"registry.terraform.io/hashicorp/azurerm\"]",
      "instances": [
        {
          "schema_version": 0,
          "attributes": {
            "allocation_method": "Dynamic",
            "domain_name_label": null,
            "edge_zone": "",
            "fqdn": null,
            "id": "/subscriptions/38a8bd4d-ba09-4e21-8dc2-6bfb7f099a30/resourceGroups/testing_terraform/providers/Microsoft.Network/publicIPAddresses/PublicIp_tf",
            "idle_timeout_in_minutes": 4,
            "ip_address": "52.137.52.246",
            "ip_tags": {},
            "ip_version": "IPv4",
            "location": "westeurope",
            "name": "PublicIp_tf",
            "public_ip_prefix_id": null,
            "resource_group_name": "testing_terraform",
            "reverse_fqdn": null,
            "sku": "Basic",
            "sku_tier": "Regional",
            "tags": {
              "environment": "dev"
            },
            "timeouts": null,
            "zones": []
          },
          "sensitive_attributes": [],
          "private": "eyJlMmJmYjczMC1lY2FhLTExZTYtOGY4OC0zNDM2M2JjN2M0YzAiOnsiY3JlYXRlIjoxODAwMDAwMDAwMDAwLCJkZWxldGUiOjE4MDAwMDAwMDAwMDAsInJlYWQiOjMwMDAwMDAwMDAwMCwidXBkYXRlIjoxODAwMDAwMDAwMDAwfX0=",
          "dependencies": [
            "azurerm_resource_group.testing_tf",
            "module.network.azurerm_subnet.subnet_tf",
            "module.network.azurerm_virtual_network.Vnetwork_tf"
          ]
        }
      ]
    },
    {
      "module": "module.networkSec",
      "mode": "managed",
      "type": "azurerm_network_security_group",
      "name": "nsg_tf",
      "provider": "provider[\"registry.terraform.io/hashicorp/azurerm\"]",
      "instances": [
        {
          "schema_version": 0,
          "attributes": {
            "id": "/subscriptions/38a8bd4d-ba09-4e21-8dc2-6bfb7f099a30/resourceGroups/testing_terraform/providers/Microsoft.Network/networkSecurityGroups/SecurityGroup_tf",
            "location": "westeurope",
            "name": "SecurityGroup_tf",
            "resource_group_name": "testing_terraform",
            "security_rule": [
              {
                "access": "Allow",
                "description": "",
                "destination_address_prefix": "*",
                "destination_address_prefixes": [],
                "destination_application_security_group_ids": [],
                "destination_port_range": "*",
                "destination_port_ranges": [],
                "direction": "Inbound",
                "name": "tf_dev_rule",
                "priority": 100,
                "protocol": "*",
                "source_address_prefix": "*",
                "source_address_prefixes": [],
                "source_application_security_group_ids": [],
                "source_port_range": "*",
                "source_port_ranges": []
              }
            ],
            "tags": {
              "environment": "dev"
            },
            "timeouts": null
          },
          "sensitive_attributes": [],
          "private": "eyJlMmJmYjczMC1lY2FhLTExZTYtOGY4OC0zNDM2M2JjN2M0YzAiOnsiY3JlYXRlIjoxODAwMDAwMDAwMDAwLCJkZWxldGUiOjE4MDAwMDAwMDAwMDAsInJlYWQiOjMwMDAwMDAwMDAwMCwidXBkYXRlIjoxODAwMDAwMDAwMDAwfX0=",
          "dependencies": [
            "azurerm_resource_group.testing_tf",
            "module.network.azurerm_subnet.subnet_tf",
            "module.network.azurerm_virtual_network.Vnetwork_tf",
            "module.networkCon.azurerm_network_interface.nic_tf",
            "module.networkCon.azurerm_public_ip.public_ip_tf"
          ]
        }
      ]
    },
    {
      "module": "module.networkSec",
      "mode": "managed",
      "type": "azurerm_network_security_rule",
      "name": "nsr_tf",
      "provider": "provider[\"registry.terraform.io/hashicorp/azurerm\"]",
      "instances": [
        {
          "schema_version": 0,
          "attributes": {
            "access": "Allow",
            "description": "",
            "destination_address_prefix": "*",
            "destination_address_prefixes": [],
            "destination_application_security_group_ids": [],
            "destination_port_range": "*",
            "destination_port_ranges": [],
            "direction": "Inbound",
            "id": "/subscriptions/38a8bd4d-ba09-4e21-8dc2-6bfb7f099a30/resourceGroups/testing_terraform/providers/Microsoft.Network/networkSecurityGroups/SecurityGroup_tf/securityRules/tf_dev_rule",
            "name": "tf_dev_rule",
            "network_security_group_name": "SecurityGroup_tf",
            "priority": 100,
            "protocol": "*",
            "resource_group_name": "testing_terraform",
            "source_address_prefix": "*",
            "source_address_prefixes": [],
            "source_application_security_group_ids": [],
            "source_port_range": "*",
            "source_port_ranges": [],
            "timeouts": null
          },
          "sensitive_attributes": [],
          "private": "eyJlMmJmYjczMC1lY2FhLTExZTYtOGY4OC0zNDM2M2JjN2M0YzAiOnsiY3JlYXRlIjoxODAwMDAwMDAwMDAwLCJkZWxldGUiOjE4MDAwMDAwMDAwMDAsInJlYWQiOjMwMDAwMDAwMDAwMCwidXBkYXRlIjoxODAwMDAwMDAwMDAwfX0=",
          "dependencies": [
            "azurerm_resource_group.testing_tf",
            "module.network.azurerm_subnet.subnet_tf",
            "module.network.azurerm_virtual_network.Vnetwork_tf",
            "module.networkCon.azurerm_network_interface.nic_tf",
            "module.networkCon.azurerm_public_ip.public_ip_tf",
            "module.networkSec.azurerm_network_security_group.nsg_tf"
          ]
        }
      ]
    },
    {
      "module": "module.networkSec",
      "mode": "managed",
      "type": "azurerm_subnet_network_security_group_association",
      "name": "ngs_association_tf",
      "provider": "provider[\"registry.terraform.io/hashicorp/azurerm\"]",
      "instances": [
        {
          "schema_version": 0,
          "attributes": {
            "id": "/subscriptions/38a8bd4d-ba09-4e21-8dc2-6bfb7f099a30/resourceGroups/testing_terraform/providers/Microsoft.Network/virtualNetworks/tf_VNetwork/subnets/subnet-tf-test",
            "network_security_group_id": "/subscriptions/38a8bd4d-ba09-4e21-8dc2-6bfb7f099a30/resourceGroups/testing_terraform/providers/Microsoft.Network/networkSecurityGroups/SecurityGroup_tf",
            "subnet_id": "/subscriptions/38a8bd4d-ba09-4e21-8dc2-6bfb7f099a30/resourceGroups/testing_terraform/providers/Microsoft.Network/virtualNetworks/tf_VNetwork/subnets/subnet-tf-test",
            "timeouts": null
          },
          "sensitive_attributes": [],
          "private": "eyJlMmJmYjczMC1lY2FhLTExZTYtOGY4OC0zNDM2M2JjN2M0YzAiOnsiY3JlYXRlIjoxODAwMDAwMDAwMDAwLCJkZWxldGUiOjE4MDAwMDAwMDAwMDAsInJlYWQiOjMwMDAwMDAwMDAwMCwidXBkYXRlIjoxODAwMDAwMDAwMDAwfX0=",
          "dependencies": [
            "azurerm_resource_group.testing_tf",
            "module.network.azurerm_subnet.subnet_tf",
            "module.network.azurerm_virtual_network.Vnetwork_tf",
            "module.networkCon.azurerm_network_interface.nic_tf",
            "module.networkCon.azurerm_public_ip.public_ip_tf",
            "module.networkSec.azurerm_network_security_group.nsg_tf"
          ]
        }
      ]
    },
    {
      "module": "module.servers",
      "mode": "managed",
      "type": "azurerm_linux_virtual_machine",
      "name": "vm_tf",
      "provider": "provider[\"registry.terraform.io/hashicorp/azurerm\"]",
      "instances": [
        {
          "schema_version": 0,
          "attributes": {
            "additional_capabilities": [],
            "admin_password": null,
            "admin_ssh_key": [
              {
                "public_key": "ssh-rsa AAAAB3NzaC1yc2EAAAADAQABAAABAQC/jTrH7hmY0yBtbRN+fNof/iDBBqYpHbFkCosfHpn3kERW0vJtVoqi/8lEpQRyZWtc+4tAFOf9r64rk2XJ1hRTaRVskfAPseceggSeNlJITtg99Od3lC3lXnWnXGNOJh9hYZLePHUY50jXJO0jr1Y1DvHNT6C4vzYvA+acPBqby1jkVoj30oFEl1yqBeok63exXdX2yP+SZgHRn9wX+TmoN/QpIoHHv9admUcaRwluyhYa9X5HBhhEIN8kFnKHHa8gnKwtyrBkHZIWKgOIOHwyAl3H9tjyobOg0Jjnj0yWxRR5PxEAdd2X+Kr/zvWm4VbnE8iulcU6dVqkXU9pC1y/ bbayoudhi@spark-it.fr\n",
                "username": "adminuser"
              }
            ],
            "admin_username": "adminuser",
            "allow_extension_operations": true,
            "availability_set_id": "",
            "boot_diagnostics": [],
            "computer_name": "Vmachine-tf",
            "custom_data": "IyEvYmluL2Jhc2gKc3VkbyBhcHQtZ2V0IGluc3RhbGwgLXkgXAogICAgYXB0LXRyYW5zcG9ydC1odHRwcyBcCiAgICBjYS1jZXJ0aWZpY2F0ZXMgXAogICAgY3VybCBcCiAgICBzb2Z0d2FyZS1wcm9wZXJ0aWVzLWNvbW1vbgpjdXJsIC1mc1NMIGh0dHBzOi8vZG93bmxvYWQuZG9ja2VyLmNvbS9saW51eC91YnVudHUvZ3BnIHwgc3VkbyBhcHQta2V5IGFkZCAtCnN1ZG8gYXB0LWtleSBmaW5nZXJwcmludCAwRUJGQ0Q4OApzdWRvIGFkZC1hcHQtcmVwb3NpdG9yeSBcCiAgICJkZWIgW2FyY2g9YW1kNjRdIGh0dHBzOi8vZG93bmxvYWQuZG9ja2VyLmNvbS9saW51eC91YnVudHUgXAogICAkKGxzYl9yZWxlYXNlIC1jcykgXAogICBzdGFibGUiCnN1ZG8gYXB0LWdldCB1cGRhdGUKc3VkbyBhcHQtZ2V0IGluc3RhbGwgLXkgZG9ja2VyLWNlCnN1ZG8gZG9ja2VyIHJ1biBoZWxsby13b3JsZAojIExpbnV4IHBvc3QtaW5zdGFsbApzdWRvIGdyb3VwYWRkIGRvY2tlcgpzdWRvIHVzZXJtb2QgLWFHIGRvY2tlciAkVVNFUgpzdWRvIHN5c3RlbWN0bCBlbmFibGUgZG9ja2VyCiMgSW5zdGFsbCBuZ2lueApzdWRvIGRvY2tlciBydW4gLS1uYW1lIG15LW5naW54ICAtcCA4MDo4MCAtdiAvc29tZS9jb250ZW50Oi91c3Ivc2hhcmUvbmdpbngvaHRtbDpybyAtZCBuZ2lueA==",
            "dedicated_host_group_id": "",
            "dedicated_host_id": "",
            "disable_password_authentication": true,
            "edge_zone": "",
            "encryption_at_host_enabled": false,
            "eviction_policy": "",
            "extensions_time_budget": "PT1H30M",
            "id": "/subscriptions/38a8bd4d-ba09-4e21-8dc2-6bfb7f099a30/resourceGroups/testing_terraform/providers/Microsoft.Compute/virtualMachines/Vmachine-tf",
            "identity": [],
            "license_type": "",
            "location": "westeurope",
            "max_bid_price": -1,
            "name": "Vmachine-tf",
            "network_interface_ids": [
              "/subscriptions/38a8bd4d-ba09-4e21-8dc2-6bfb7f099a30/resourceGroups/testing_terraform/providers/Microsoft.Network/networkInterfaces/network_inteface_tf"
            ],
            "os_disk": [
              {
                "caching": "ReadWrite",
                "diff_disk_settings": [],
                "disk_encryption_set_id": "",
                "disk_size_gb": 30,
                "name": "Vmachine-tf_OsDisk_1_d09866e788d54d3a804c4f02a6df4dc5",
                "storage_account_type": "Standard_LRS",
                "write_accelerator_enabled": false
              }
            ],
            "patch_mode": "ImageDefault",
            "plan": [],
            "platform_fault_domain": -1,
            "priority": "Regular",
            "private_ip_address": "10.123.1.4",
            "private_ip_addresses": [
              "10.123.1.4"
            ],
            "provision_vm_agent": true,
            "proximity_placement_group_id": "",
            "public_ip_address": "20.224.250.143",
            "public_ip_addresses": [
              "20.224.250.143"
            ],
            "resource_group_name": "testing_terraform",
            "secret": [],
            "secure_boot_enabled": false,
            "size": "Standard_DS1_v2",
            "source_image_id": "",
            "source_image_reference": [
              {
                "offer": "UbuntuServer",
                "publisher": "Canonical",
                "sku": "16.04-LTS",
                "version": "latest"
              }
            ],
            "tags": {
              "environment": "dev"
            },
            "termination_notification": null,
            "timeouts": null,
            "user_data": "",
            "virtual_machine_id": "f17ab6e8-4b23-4d19-b739-e47874ca1f6a",
            "virtual_machine_scale_set_id": "",
            "vtpm_enabled": false,
            "zone": ""
          },
          "sensitive_attributes": [],
          "private": "eyJlMmJmYjczMC1lY2FhLTExZTYtOGY4OC0zNDM2M2JjN2M0YzAiOnsiY3JlYXRlIjoyNzAwMDAwMDAwMDAwLCJkZWxldGUiOjI3MDAwMDAwMDAwMDAsInJlYWQiOjMwMDAwMDAwMDAwMCwidXBkYXRlIjoyNzAwMDAwMDAwMDAwfX0=",
          "dependencies": [
            "azurerm_resource_group.testing_tf",
            "module.network.azurerm_subnet.subnet_tf",
            "module.network.azurerm_virtual_network.Vnetwork_tf",
            "module.networkCon.azurerm_network_interface.nic_tf",
            "module.networkCon.azurerm_public_ip.public_ip_tf",
            "module.networkSec.azurerm_network_security_group.nsg_tf",
            "module.networkSec.azurerm_network_security_rule.nsr_tf",
            "module.networkSec.azurerm_subnet_network_security_group_association.ngs_association_tf"
          ]
        }
      ]
    }
  ],
  "check_results": null
}
